# This file is automatically @generated by Cargo.
# It is not intended for manual editing.
[[package]]
name = "automaton"
version = "0.1.0"

[[package]]
name = "knuth_morris_pratt"
version = "0.1.0"

[[package]]
name = "lab1"
version = "0.1.0"
dependencies = [
 "automaton 0.1.0",
 "knuth_morris_pratt 0.1.0",
]

